
Microsoft Visual Studio Solution File, Format Version 11.00
# Visual Studio 2010
Project("{8BC9CEB8-8B4A-11D0-8D11-00A0C91BC942}") = "spud", "spud\spud.vcxproj", "{A8A363D0-98D9-439C-86A1-3DA6B52C9278}"
EndProject
Global
	GlobalSection(SolutionConfigurationPlatforms) = preSolution
		Debug|Win32 = Debug|Win32
		Release|Win32 = Release|Win32
	EndGlobalSection
	GlobalSection(ProjectConfigurationPlatforms) = postSolution
		{A8A363D0-98D9-439C-86A1-3DA6B52C9278}.Debug|Win32.ActiveCfg = Debug|Win32
		{A8A363D0-98D9-439C-86A1-3DA6B52C9278}.Debug|Win32.Build.0 = Debug|Win32
		{A8A363D0-98D9-439C-86A1-3DA6B52C9278}.Release|Win32.ActiveCfg = Release|Win32
		{A8A363D0-98D9-439C-86A1-3DA6B52C9278}.Release|Win32.Build.0 = Release|Win32
	EndGlobalSection
	GlobalSection(SolutionProperties) = preSolution
		HideSolutionNode = FALSE
	EndGlobalSection
EndGlobal
